{
  "requires": true,
  "lockfileVersion": 1,
  "dependencies": {
    "java-m-lib": {
      "version": "0.0.26",
      "resolved": "https://registry.npmjs.org/java-m-lib/-/java-m-lib-0.0.26.tgz",
      "integrity": "sha512-BaUKgFeCOhCWYNG9lD72HQAJLoMIVYnWBex/CmiPVKA8s7jruRudPHdeQytRjb6/EkL42arYknhnR4ayxSYAdw=="
    }
  }
}
