{
  "requires": true,
  "lockfileVersion": 1,
  "dependencies": {
    "java-m-lib": {
      "version": "0.0.25",
      "resolved": "https://registry.npmjs.org/java-m-lib/-/java-m-lib-0.0.25.tgz",
      "integrity": "sha512-ns+V/JYZAmQZBp33H70QK+19Uv2eihKeAyjrM8dAcaMDjNpLtC8euOkXJt7oQ8fnnTt8WMmq9aracbyKS14RWw=="
    }
  }
}
